
Microsoft Visual Studio Solution File, Format Version 12.00
Project("{FAE04EC0-301F-11D3-BF4B-00C04F79EFBC}") = "Identity", "Identity\Identity.csproj", "{6166B732-2D6D-4678-A823-A9C917C6C2BE}"
EndProject
Project("{FAE04EC0-301F-11D3-BF4B-00C04F79EFBC}") = "ApiGateway", "ApiGateway\ApiGateway.csproj", "{9895087E-15DF-4A00-BA1F-AC86A1598816}"
EndProject
Project("{2150E333-8FDC-42A3-9474-1A3956D46DE8}") = "AccountService", "AccountService", "{D6F1772C-4C4C-4BBC-B195-675C5B699BF2}"
EndProject
Project("{FAE04EC0-301F-11D3-BF4B-00C04F79EFBC}") = "Account.Domain", "Account.Domain\Account.Domain.csproj", "{6FDE308B-A737-424F-90CC-F42A9D79E97E}"
EndProject
Project("{FAE04EC0-301F-11D3-BF4B-00C04F79EFBC}") = "Account.Host", "Account.Host\Account.Host.csproj", "{A4E533A5-4B63-4E98-A594-3CC9BE1F2718}"
EndProject
Project("{2150E333-8FDC-42A3-9474-1A3956D46DE8}") = "OrderService", "OrderService", "{DB34FC93-6EA2-4329-BE08-2D47630C0439}"
EndProject
Project("{FAE04EC0-301F-11D3-BF4B-00C04F79EFBC}") = "Order.Domain", "Order.Domain\Order.Domain.csproj", "{F83C5B96-DEE7-4453-94EC-8241E3341F32}"
EndProject
Project("{FAE04EC0-301F-11D3-BF4B-00C04F79EFBC}") = "Order.Host", "Order.Host\Order.Host.csproj", "{948F0859-C05E-49EB-BA9D-1F3DDFD9ECA4}"
EndProject
Project("{FAE04EC0-301F-11D3-BF4B-00C04F79EFBC}") = "Billing.Domain", "Billing.Domain\Billing.Domain.csproj", "{CB37C898-78B0-4926-826C-F4584C3336BF}"
EndProject
Project("{2150E333-8FDC-42A3-9474-1A3956D46DE8}") = "BillingService", "BillingService", "{548981C6-DBD5-4876-A721-332603BF4EEC}"
EndProject
Project("{2150E333-8FDC-42A3-9474-1A3956D46DE8}") = "NotificationService", "NotificationService", "{08D8CCEA-3B58-4B01-A1A5-77B36BE60F01}"
EndProject
Project("{FAE04EC0-301F-11D3-BF4B-00C04F79EFBC}") = "Notification.Domain", "Notification.Domain\Notification.Domain.csproj", "{F0A6F7AE-6FE0-4744-8786-BEE15A5A90F2}"
EndProject
Project("{FAE04EC0-301F-11D3-BF4B-00C04F79EFBC}") = "Notification.Host", "Notification.Host\Notification.Host.csproj", "{E5A6E88E-9C61-4C28-BC0D-E829E7B4CEBA}"
EndProject
Project("{FAE04EC0-301F-11D3-BF4B-00C04F79EFBC}") = "Billing.Host", "Billing.Host\Billing.Host.csproj", "{2B069A08-AA61-4C75-AAC5-10170A381A24}"
EndProject
Project("{FAE04EC0-301F-11D3-BF4B-00C04F79EFBC}") = "EventBus", "EventBus\EventBus.csproj", "{A3FB4982-EAF0-4ADD-8704-17442F759474}"
EndProject
Project("{2150E333-8FDC-42A3-9474-1A3956D46DE8}") = "Common", "Common", "{C465741F-F7A8-41AC-B3F4-935710F9ACB1}"
EndProject
Project("{2150E333-8FDC-42A3-9474-1A3956D46DE8}") = "Client", "Client", "{AEF61F67-9511-435E-A969-4F0A9DC9A31C}"
EndProject
Project("{FAE04EC0-301F-11D3-BF4B-00C04F79EFBC}") = "StockMarket.Client", "StockMarket.Client\StockMarket.Client.csproj", "{B0EA2531-9384-4A0A-B37B-AEBDCC21A0DC}"
EndProject
Project("{FAE04EC0-301F-11D3-BF4B-00C04F79EFBC}") = "StockMarket.Components", "StockMarket.Components\StockMarket.Components.csproj", "{1A45FB5E-7473-4C36-A67A-5DB548F4818A}"
EndProject
Project("{FAE04EC0-301F-11D3-BF4B-00C04F79EFBC}") = "StockMarket.Shared", "StockMarket.Shared\StockMarket.Shared.csproj", "{28AEA05B-3E64-4BFD-8CAF-C905A74E9C4F}"
EndProject
Global
	GlobalSection(SolutionConfigurationPlatforms) = preSolution
		Debug|Any CPU = Debug|Any CPU
		Release|Any CPU = Release|Any CPU
	EndGlobalSection
	GlobalSection(ProjectConfigurationPlatforms) = postSolution
		{6166B732-2D6D-4678-A823-A9C917C6C2BE}.Debug|Any CPU.ActiveCfg = Debug|Any CPU
		{6166B732-2D6D-4678-A823-A9C917C6C2BE}.Debug|Any CPU.Build.0 = Debug|Any CPU
		{6166B732-2D6D-4678-A823-A9C917C6C2BE}.Release|Any CPU.ActiveCfg = Release|Any CPU
		{6166B732-2D6D-4678-A823-A9C917C6C2BE}.Release|Any CPU.Build.0 = Release|Any CPU
		{9895087E-15DF-4A00-BA1F-AC86A1598816}.Debug|Any CPU.ActiveCfg = Debug|Any CPU
		{9895087E-15DF-4A00-BA1F-AC86A1598816}.Debug|Any CPU.Build.0 = Debug|Any CPU
		{9895087E-15DF-4A00-BA1F-AC86A1598816}.Release|Any CPU.ActiveCfg = Release|Any CPU
		{9895087E-15DF-4A00-BA1F-AC86A1598816}.Release|Any CPU.Build.0 = Release|Any CPU
		{6FDE308B-A737-424F-90CC-F42A9D79E97E}.Debug|Any CPU.ActiveCfg = Debug|Any CPU
		{6FDE308B-A737-424F-90CC-F42A9D79E97E}.Debug|Any CPU.Build.0 = Debug|Any CPU
		{6FDE308B-A737-424F-90CC-F42A9D79E97E}.Release|Any CPU.ActiveCfg = Release|Any CPU
		{6FDE308B-A737-424F-90CC-F42A9D79E97E}.Release|Any CPU.Build.0 = Release|Any CPU
		{A4E533A5-4B63-4E98-A594-3CC9BE1F2718}.Debug|Any CPU.ActiveCfg = Debug|Any CPU
		{A4E533A5-4B63-4E98-A594-3CC9BE1F2718}.Debug|Any CPU.Build.0 = Debug|Any CPU
		{A4E533A5-4B63-4E98-A594-3CC9BE1F2718}.Release|Any CPU.ActiveCfg = Release|Any CPU
		{A4E533A5-4B63-4E98-A594-3CC9BE1F2718}.Release|Any CPU.Build.0 = Release|Any CPU
		{F83C5B96-DEE7-4453-94EC-8241E3341F32}.Debug|Any CPU.ActiveCfg = Debug|Any CPU
		{F83C5B96-DEE7-4453-94EC-8241E3341F32}.Debug|Any CPU.Build.0 = Debug|Any CPU
		{F83C5B96-DEE7-4453-94EC-8241E3341F32}.Release|Any CPU.ActiveCfg = Release|Any CPU
		{F83C5B96-DEE7-4453-94EC-8241E3341F32}.Release|Any CPU.Build.0 = Release|Any CPU
		{948F0859-C05E-49EB-BA9D-1F3DDFD9ECA4}.Debug|Any CPU.ActiveCfg = Debug|Any CPU
		{948F0859-C05E-49EB-BA9D-1F3DDFD9ECA4}.Debug|Any CPU.Build.0 = Debug|Any CPU
		{948F0859-C05E-49EB-BA9D-1F3DDFD9ECA4}.Release|Any CPU.ActiveCfg = Release|Any CPU
		{948F0859-C05E-49EB-BA9D-1F3DDFD9ECA4}.Release|Any CPU.Build.0 = Release|Any CPU
		{CB37C898-78B0-4926-826C-F4584C3336BF}.Debug|Any CPU.ActiveCfg = Debug|Any CPU
		{CB37C898-78B0-4926-826C-F4584C3336BF}.Debug|Any CPU.Build.0 = Debug|Any CPU
		{CB37C898-78B0-4926-826C-F4584C3336BF}.Release|Any CPU.ActiveCfg = Release|Any CPU
		{CB37C898-78B0-4926-826C-F4584C3336BF}.Release|Any CPU.Build.0 = Release|Any CPU
		{F0A6F7AE-6FE0-4744-8786-BEE15A5A90F2}.Debug|Any CPU.ActiveCfg = Debug|Any CPU
		{F0A6F7AE-6FE0-4744-8786-BEE15A5A90F2}.Debug|Any CPU.Build.0 = Debug|Any CPU
		{F0A6F7AE-6FE0-4744-8786-BEE15A5A90F2}.Release|Any CPU.ActiveCfg = Release|Any CPU
		{F0A6F7AE-6FE0-4744-8786-BEE15A5A90F2}.Release|Any CPU.Build.0 = Release|Any CPU
		{E5A6E88E-9C61-4C28-BC0D-E829E7B4CEBA}.Debug|Any CPU.ActiveCfg = Debug|Any CPU
		{E5A6E88E-9C61-4C28-BC0D-E829E7B4CEBA}.Debug|Any CPU.Build.0 = Debug|Any CPU
		{E5A6E88E-9C61-4C28-BC0D-E829E7B4CEBA}.Release|Any CPU.ActiveCfg = Release|Any CPU
		{E5A6E88E-9C61-4C28-BC0D-E829E7B4CEBA}.Release|Any CPU.Build.0 = Release|Any CPU
		{2B069A08-AA61-4C75-AAC5-10170A381A24}.Debug|Any CPU.ActiveCfg = Debug|Any CPU
		{2B069A08-AA61-4C75-AAC5-10170A381A24}.Debug|Any CPU.Build.0 = Debug|Any CPU
		{2B069A08-AA61-4C75-AAC5-10170A381A24}.Release|Any CPU.ActiveCfg = Release|Any CPU
		{2B069A08-AA61-4C75-AAC5-10170A381A24}.Release|Any CPU.Build.0 = Release|Any CPU
		{A3FB4982-EAF0-4ADD-8704-17442F759474}.Debug|Any CPU.ActiveCfg = Debug|Any CPU
		{A3FB4982-EAF0-4ADD-8704-17442F759474}.Debug|Any CPU.Build.0 = Debug|Any CPU
		{A3FB4982-EAF0-4ADD-8704-17442F759474}.Release|Any CPU.ActiveCfg = Release|Any CPU
		{A3FB4982-EAF0-4ADD-8704-17442F759474}.Release|Any CPU.Build.0 = Release|Any CPU
		{B0EA2531-9384-4A0A-B37B-AEBDCC21A0DC}.Debug|Any CPU.ActiveCfg = Debug|Any CPU
		{B0EA2531-9384-4A0A-B37B-AEBDCC21A0DC}.Debug|Any CPU.Build.0 = Debug|Any CPU
		{B0EA2531-9384-4A0A-B37B-AEBDCC21A0DC}.Release|Any CPU.ActiveCfg = Release|Any CPU
		{B0EA2531-9384-4A0A-B37B-AEBDCC21A0DC}.Release|Any CPU.Build.0 = Release|Any CPU
		{1A45FB5E-7473-4C36-A67A-5DB548F4818A}.Debug|Any CPU.ActiveCfg = Debug|Any CPU
		{1A45FB5E-7473-4C36-A67A-5DB548F4818A}.Debug|Any CPU.Build.0 = Debug|Any CPU
		{1A45FB5E-7473-4C36-A67A-5DB548F4818A}.Release|Any CPU.ActiveCfg = Release|Any CPU
		{1A45FB5E-7473-4C36-A67A-5DB548F4818A}.Release|Any CPU.Build.0 = Release|Any CPU
		{28AEA05B-3E64-4BFD-8CAF-C905A74E9C4F}.Debug|Any CPU.ActiveCfg = Debug|Any CPU
		{28AEA05B-3E64-4BFD-8CAF-C905A74E9C4F}.Debug|Any CPU.Build.0 = Debug|Any CPU
		{28AEA05B-3E64-4BFD-8CAF-C905A74E9C4F}.Release|Any CPU.ActiveCfg = Release|Any CPU
		{28AEA05B-3E64-4BFD-8CAF-C905A74E9C4F}.Release|Any CPU.Build.0 = Release|Any CPU
	EndGlobalSection
	GlobalSection(NestedProjects) = preSolution
		{6FDE308B-A737-424F-90CC-F42A9D79E97E} = {D6F1772C-4C4C-4BBC-B195-675C5B699BF2}
		{A4E533A5-4B63-4E98-A594-3CC9BE1F2718} = {D6F1772C-4C4C-4BBC-B195-675C5B699BF2}
		{F83C5B96-DEE7-4453-94EC-8241E3341F32} = {DB34FC93-6EA2-4329-BE08-2D47630C0439}
		{948F0859-C05E-49EB-BA9D-1F3DDFD9ECA4} = {DB34FC93-6EA2-4329-BE08-2D47630C0439}
		{CB37C898-78B0-4926-826C-F4584C3336BF} = {548981C6-DBD5-4876-A721-332603BF4EEC}
		{F0A6F7AE-6FE0-4744-8786-BEE15A5A90F2} = {08D8CCEA-3B58-4B01-A1A5-77B36BE60F01}
		{E5A6E88E-9C61-4C28-BC0D-E829E7B4CEBA} = {08D8CCEA-3B58-4B01-A1A5-77B36BE60F01}
		{2B069A08-AA61-4C75-AAC5-10170A381A24} = {548981C6-DBD5-4876-A721-332603BF4EEC}
		{A3FB4982-EAF0-4ADD-8704-17442F759474} = {C465741F-F7A8-41AC-B3F4-935710F9ACB1}
		{B0EA2531-9384-4A0A-B37B-AEBDCC21A0DC} = {AEF61F67-9511-435E-A969-4F0A9DC9A31C}
		{1A45FB5E-7473-4C36-A67A-5DB548F4818A} = {AEF61F67-9511-435E-A969-4F0A9DC9A31C}
		{28AEA05B-3E64-4BFD-8CAF-C905A74E9C4F} = {AEF61F67-9511-435E-A969-4F0A9DC9A31C}
	EndGlobalSection
EndGlobal
